tmux-continuum 0698e8f4b17d6454c71bf5212895ec055c578da0
tmux-fzf-url 28ed7ce3c73a328d8463d4f4aaa6ccb851e520fa
tmux-lazy bfa522306c88e46e22bf0476ed56634d23132709
tmux-resurrect cff343cf9e81983d3da0c8562b01616f12e8d548
tmux-sensible 25cb91f42d020f675bb0a2ce3fbd3a5d96119efa
tmux-sessionx ebb83bc146d5d66f1c0f8a276b379f8cdc2b24dd
tpm 99469c4a9b1ccf77fade25842dc7bafbc8ce9946
vim-tmux-navigator 5b3c701686fb4e6629c100ed32e827edf8dad01e
