tmux-continuum 0698e8f4b17d6454c71bf5212895ec055c578da0
tmux-fzf-url 7c4838e95fde660b7f2aaf514323ac8498e0d4f4
tmux-lazy 32e6a45b45681ef96d0c45f65706ca275f22471a
tmux-resurrect cff343cf9e81983d3da0c8562b01616f12e8d548
tmux-sensible 25cb91f42d020f675bb0a2ce3fbd3a5d96119efa
tpm e261deb1b47614eed3400089ce7197dc68acc4eb
vim-tmux-navigator e41c431a0c7b7388ae7ba341f01a0d217eb3a432
